<?xml version="1.0" encoding="utf-8"?>
<Project ToolsVersion="4.0" xmlns="http://schemas.microsoft.com/developer/msbuild/2003">
  <ItemGroup>
    <Filter Include="vinlib">
      <UniqueIdentifier>{77573882-125a-4fe6-ab9a-83a3c488f11c}</UniqueIdentifier>
    </Filter>
  </ItemGroup>
  <ItemGroup>
    <ClCompile Include="VinLib\bitmap.cpp">
      <Filter>vinlib</Filter>
    </ClCompile>
    <ClCompile Include="VinLib\console.cpp">
      <Filter>vinlib</Filter>
    </ClCompile>
    <ClCompile Include="VinLib\exception.cpp">
      <Filter>vinlib</Filter>
    </ClCompile>
    <ClCompile Include="VinLib\exec.cpp">
      <Filter>vinlib</Filter>
    </ClCompile>
    <ClCompile Include="VinLib\file.cpp">
      <Filter>vinlib</Filter>
    </ClCompile>
    <ClCompile Include="VinLib\findfiles.cpp">
      <Filter>vinlib</Filter>
    </ClCompile>
    <ClCompile Include="VinLib\string.cpp">
      <Filter>vinlib</Filter>
    </ClCompile>
    <ClCompile Include="VinLib\winapi_exception.cpp">
      <Filter>vinlib</Filter>
    </ClCompile>
    <ClCompile Include="SpecialistGraphConverter.cpp" />
    <ClCompile Include="StdAfx.cpp" />
  </ItemGroup>
  <ItemGroup>
    <ClInclude Include="VinLib\bitmap.h">
      <Filter>vinlib</Filter>
    </ClInclude>
    <ClInclude Include="VinLib\console.h">
      <Filter>vinlib</Filter>
    </ClInclude>
    <ClInclude Include="VinLib\exception.h">
      <Filter>vinlib</Filter>
    </ClInclude>
    <ClInclude Include="VinLib\exec.h">
      <Filter>vinlib</Filter>
    </ClInclude>
    <ClInclude Include="VinLib\file.h">
      <Filter>vinlib</Filter>
    </ClInclude>
    <ClInclude Include="VinLib\findfiles.h">
      <Filter>vinlib</Filter>
    </ClInclude>
    <ClInclude Include="VinLib\std.h">
      <Filter>vinlib</Filter>
    </ClInclude>
    <ClInclude Include="VinLib\string.h">
      <Filter>vinlib</Filter>
    </ClInclude>
    <ClInclude Include="VinLib\types.h">
      <Filter>vinlib</Filter>
    </ClInclude>
    <ClInclude Include="VinLib\winapi_exception.h">
      <Filter>vinlib</Filter>
    </ClInclude>
    <ClInclude Include="StdAfx.h" />
  </ItemGroup>
</Project>